{
  "version": 4,
  "terraform_version": "1.3.0",
  "serial": 676,
  "lineage": "ceb35afb-cbc1-523a-156b-a8ac1770c928",
  "outputs": {},
  "resources": [
    {
      "mode": "data",
      "type": "azurerm_client_config",
      "name": "current",
      "provider": "provider[\"registry.terraform.io/hashicorp/azurerm\"]",
      "instances": [
        {
          "schema_version": 0,
          "attributes": {
            "client_id": "4cb93f01-53f4-49d8-b9a4-ce5b7fe7bd3a",
            "id": "Y2xpZW50Q29uZmlncy9jbGllbnRJZD00Y2I5M2YwMS01M2Y0LTQ5ZDgtYjlhNC1jZTViN2ZlN2JkM2E7b2JqZWN0SWQ9NjJjNDA3MzEtYTdiNy00MWY1LTgwODQtOWNhNWQ0NDZjYzQ1O3N1YnNjcmlwdGlvbklkPTU5MjFhODkzLTczMDQtNDRiMy1iMjJmLTFiYjAwNTUyMmI5NTt0ZW5hbnRJZD1lNTljODRhNC1hZjNjLTRiNzQtOGExOC0wMmVlZTg5OTNiZmI=",
            "object_id": "62c40731-a7b7-41f5-8084-9ca5d446cc45",
            "subscription_id": "5921a893-7304-44b3-b22f-1bb005522b95",
            "tenant_id": "e59c84a4-af3c-4b74-8a18-02eee8993bfb",
            "timeouts": null
          },
          "sensitive_attributes": []
        }
      ]
    },
    {
      "mode": "managed",
      "type": "azurerm_key_vault",
      "name": "keyvault",
      "provider": "provider[\"registry.terraform.io/hashicorp/azurerm\"]",
      "instances": [
        {
          "schema_version": 2,
          "attributes": {
            "access_policy": [
              {
                "application_id": "",
                "certificate_permissions": [],
                "key_permissions": [
                  "Create",
                  "Get",
                  "Purge",
                  "Recover"
                ],
                "object_id": "62c40731-a7b7-41f5-8084-9ca5d446cc45",
                "secret_permissions": [
                  "Get"
                ],
                "storage_permissions": [
                  "Get"
                ],
                "tenant_id": "e59c84a4-af3c-4b74-8a18-02eee8993bfb"
              }
            ],
            "contact": [],
            "enable_rbac_authorization": false,
            "enabled_for_deployment": false,
            "enabled_for_disk_encryption": true,
            "enabled_for_template_deployment": false,
            "id": "/subscriptions/5921a893-7304-44b3-b22f-1bb005522b95/resourceGroups/myrsgiac/providers/Microsoft.KeyVault/vaults/mydsdfvault-1423",
            "location": "eastus",
            "name": "mydsdfvault-1423",
            "network_acls": [
              {
                "bypass": "AzureServices",
                "default_action": "Allow",
                "ip_rules": [],
                "virtual_network_subnet_ids": []
              }
            ],
            "public_network_access_enabled": true,
            "purge_protection_enabled": true,
            "resource_group_name": "myrsgiac",
            "sku_name": "premium",
            "soft_delete_retention_days": 7,
            "tags": {},
            "tenant_id": "e59c84a4-af3c-4b74-8a18-02eee8993bfb",
            "timeouts": null,
            "vault_uri": "https://mydsdfvault-1423.vault.azure.net/"
          },
          "sensitive_attributes": [],
          "private": "eyJlMmJmYjczMC1lY2FhLTExZTYtOGY4OC0zNDM2M2JjN2M0YzAiOnsiY3JlYXRlIjoxODAwMDAwMDAwMDAwLCJkZWxldGUiOjE4MDAwMDAwMDAwMDAsInJlYWQiOjMwMDAwMDAwMDAwMCwidXBkYXRlIjoxODAwMDAwMDAwMDAwfSwic2NoZW1hX3ZlcnNpb24iOiIyIn0=",
          "dependencies": [
            "data.azurerm_client_config.current"
          ]
        }
      ]
    },
    {
      "mode": "managed",
      "type": "azurerm_key_vault_key",
      "name": "keyvault_key",
      "provider": "provider[\"registry.terraform.io/hashicorp/azurerm\"]",
      "instances": [
        {
          "schema_version": 0,
          "attributes": {
            "curve": "",
            "e": "AQAB",
            "expiration_date": null,
            "id": "https://mydsdfvault-1423.vault.azure.net/keys/mykey/dfa466d2d1eb47ac884dc3d4bdd38790",
            "key_opts": [
              "decrypt",
              "encrypt",
              "sign",
              "unwrapKey",
              "verify",
              "wrapKey"
            ],
            "key_size": 2048,
            "key_type": "RSA",
            "key_vault_id": "/subscriptions/5921a893-7304-44b3-b22f-1bb005522b95/resourceGroups/myrsgiac/providers/Microsoft.KeyVault/vaults/mydsdfvault-1423",
            "n": "ye5gzorqnKm8veqM5I4dyhKeOy5VderzEl_5vLfF456hO5ubVMbXGNHE7hoWa03ABxvQ7o83yqeSO93NXnnMy6iWvVnpeGSCg5ckx1mOj0Ixqu29cJK6CGKQOroTK5uT6mnTr-iu0tR1ml_3FEDHsS2_CS1Ta2eojtuXkNYJYP6eWVEcuX11nZK2XCVfflt-tBz_WsE7LRSs6oYADhmcCLbvNLYVrWAJEFijaOIxzLkUsJRXH1arS6x0DELSvqareMHsws7Qg83SWvXCz-j5xYOvam1ejVAcfcpSyCx9pRoBnMU0QuGU7zGMpOPqVXZhIEPQgQIvAW-f6bVtinkv6Q",
            "name": "mykey",
            "not_before_date": null,
            "public_key_openssh": "ssh-rsa AAAAB3NzaC1yc2EAAAADAQABAAABAQDJ7mDOiuqcqby96ozkjh3KEp47LlV16vMSX/m8t8XjnqE7m5tUxtcY0cTuGhZrTcAHG9DujzfKp5I73c1eeczLqJa9Wel4ZIKDlyTHWY6PQjGq7b1wkroIYpA6uhMrm5PqadOv6K7S1HWaX/cUQMexLb8JLVNrZ6iO25eQ1glg/p5ZURy5fXWdkrZcJV9+W360HP9awTstFKzqhgAOGZwItu80thWtYAkQWKNo4jHMuRSwlFcfVqtLrHQMQtK+pqt4wezCztCDzdJa9cLP6PnFg69qbV6NUBx9ylLILH2lGgGcxTRC4ZTvMYyk4+pVdmEgQ9CBAi8Bb5/ptW2KeS/p\n",
            "public_key_pem": "-----BEGIN PUBLIC KEY-----\nMIIBIjANBgkqhkiG9w0BAQEFAAOCAQ8AMIIBCgKCAQEAye5gzorqnKm8veqM5I4d\nyhKeOy5VderzEl/5vLfF456hO5ubVMbXGNHE7hoWa03ABxvQ7o83yqeSO93NXnnM\ny6iWvVnpeGSCg5ckx1mOj0Ixqu29cJK6CGKQOroTK5uT6mnTr+iu0tR1ml/3FEDH\nsS2/CS1Ta2eojtuXkNYJYP6eWVEcuX11nZK2XCVfflt+tBz/WsE7LRSs6oYADhmc\nCLbvNLYVrWAJEFijaOIxzLkUsJRXH1arS6x0DELSvqareMHsws7Qg83SWvXCz+j5\nxYOvam1ejVAcfcpSyCx9pRoBnMU0QuGU7zGMpOPqVXZhIEPQgQIvAW+f6bVtinkv\n6QIDAQAB\n-----END PUBLIC KEY-----\n",
            "resource_id": "/subscriptions/5921a893-7304-44b3-b22f-1bb005522b95/resourceGroups/myrsgiac/providers/Microsoft.KeyVault/vaults/mydsdfvault-1423/keys/mykey/versions/dfa466d2d1eb47ac884dc3d4bdd38790",
            "resource_versionless_id": "/subscriptions/5921a893-7304-44b3-b22f-1bb005522b95/resourceGroups/myrsgiac/providers/Microsoft.KeyVault/vaults/mydsdfvault-1423/keys/mykey",
            "tags": {},
            "timeouts": null,
            "version": "dfa466d2d1eb47ac884dc3d4bdd38790",
            "versionless_id": "https://mydsdfvault-1423.vault.azure.net/keys/mykey",
            "x": "",
            "y": ""
          },
          "sensitive_attributes": [],
          "private": "eyJlMmJmYjczMC1lY2FhLTExZTYtOGY4OC0zNDM2M2JjN2M0YzAiOnsiY3JlYXRlIjoxODAwMDAwMDAwMDAwLCJkZWxldGUiOjE4MDAwMDAwMDAwMDAsInJlYWQiOjE4MDAwMDAwMDAwMDAsInVwZGF0ZSI6MTgwMDAwMDAwMDAwMH19",
          "dependencies": [
            "azurerm_key_vault.keyvault",
            "data.azurerm_client_config.current"
          ]
        }
      ]
    },
    {
      "mode": "managed",
      "type": "azurerm_resource_group",
      "name": "rg",
      "provider": "provider[\"registry.terraform.io/hashicorp/azurerm\"]",
      "instances": [
        {
          "schema_version": 0,
          "attributes": {
            "id": "/subscriptions/5921a893-7304-44b3-b22f-1bb005522b95/resourceGroups/myrsgiac",
            "location": "eastus",
            "name": "myrsgiac",
            "tags": {
              "Deployed from": "Azure DevOps",
              "Environment": "dev"
            },
            "timeouts": null
          },
          "sensitive_attributes": [],
          "private": "eyJlMmJmYjczMC1lY2FhLTExZTYtOGY4OC0zNDM2M2JjN2M0YzAiOnsiY3JlYXRlIjo1NDAwMDAwMDAwMDAwLCJkZWxldGUiOjU0MDAwMDAwMDAwMDAsInJlYWQiOjMwMDAwMDAwMDAwMCwidXBkYXRlIjo1NDAwMDAwMDAwMDAwfX0="
        }
      ]
    }
  ],
  "check_results": []
}
